// !$*UTF8*$!
{
	archiveVersion = 1;
	classes = {
	};
	objectVersion = 46;
	objects = {

/* Begin PBXBuildFile section */
		B557EE4F1CF5C6D3005F8EF8 /* AppDelegate.swift in Sources */ = {isa = PBXBuildFile; fileRef = B557EE4E1CF5C6D3005F8EF8 /* AppDelegate.swift */; };
		B557EE511CF5C6D3005F8EF8 /* ViewController.swift in Sources */ = {isa = PBXBuildFile; fileRef = B557EE501CF5C6D3005F8EF8 /* ViewController.swift */; };
		B557EE541CF5C6D3005F8EF8 /* Main.storyboard in Resources */ = {isa = PBXBuildFile; fileRef = B557EE521CF5C6D3005F8EF8 /* Main.storyboard */; };
		B557EE561CF5C6D3005F8EF8 /* Assets.xcassets in Resources */ = {isa = PBXBuildFile; fileRef = B557EE551CF5C6D3005F8EF8 /* Assets.xcassets */; };
		B557EE591CF5C6D3005F8EF8 /* LaunchScreen.storyboard in Resources */ = {isa = PBXBuildFile; fileRef = B557EE571CF5C6D3005F8EF8 /* LaunchScreen.storyboard */; };
/* End PBXBuildFile section */

/* Begin PBXFileReference section */
		B557EE4B1CF5C6D3005F8EF8 /* CameraApp.app */ = {isa = PBXFileReference; explicitFileType = wrapper.application; includeInIndex = 0; path = CameraApp.app; sourceTree = BUILT_PRODUCTS_DIR; };
		B557EE4E1CF5C6D3005F8EF8 /* AppDelegate.swift */ = {isa = PBXFileReference; lastKnownFileType = sourcecode.swift; path = AppDelegate.swift; sourceTree = "<group>"; };
		B557EE501CF5C6D3005F8EF8 /* ViewController.swift */ = {isa = PBXFileReference; lastKnownFileType = sourcecode.swift; path = ViewController.swift; sourceTree = "<group>"; };
		B557EE531CF5C6D3005F8EF8 /* Base */ = {isa = PBXFileReference; lastKnownFileType = file.storyboard; name = Base; path = Base.lproj/Main.storyboard; sourceTree = "<group>"; };
		B557EE551CF5C6D3005F8EF8 /* Assets.xcassets */ = {isa = PBXFileReference; lastKnownFileType = folder.assetcatalog; path = Assets.xcassets; sourceTree = "<group>"; };
		B557EE581CF5C6D3005F8EF8 /* Base */ = {isa = PBXFileReference; lastKnownFileType = file.storyboard; name = Base; path = Base.lproj/LaunchScreen.storyboard; sourceTree = "<group>"; };
		B557EE5A1CF5C6D3005F8EF8 /* Info.plist */ = {isa = PBXFileReference; lastKnownFileType = text.plist.xml; path = Info.plist; sourceTree = "<group>"; };
/* End PBXFileReference section */

/* Begin PBXFrameworksBuildPhase section */
		B557EE481CF5C6D3005F8EF8 /* Frameworks */ = {
			isa = PBXFrameworksBuildPhase;
			buildActionMask = 2147483647;
			files = (
			);
			runOnlyForDeploymentPostprocessing = 0;
		};
/* End PBXFrameworksBuildPhase section */

/* Begin PBXGroup section */
		B557EE421CF5C6D3005F8EF8 = {
			isa = PBXGroup;
			children = (
				B557EE4D1CF5C6D3005F8EF8 /* CameraApp */,
				B557EE4C1CF5C6D3005F8EF8 /* Products */,
			);
			sourceTree = "<group>";
		};
		B557EE4C1CF5C6D3005F8EF8 /* Products */ = {
			isa = PBXGroup;
			children = (
				B557EE4B1CF5C6D3005F8EF8 /* CameraApp.app */,
			);
			name = Products;
			sourceTree = "<group>";
		};
		B557EE4D1CF5C6D3005F8EF8 /* CameraApp */ = {
			isa = PBXGroup;
			children = (
				B557EE4E1CF5C6D3005F8EF8 /* AppDelegate.swift */,
				B557EE501CF5C6D3005F8EF8 /* ViewController.swift */,
				B557EE521CF5C6D3005F8EF8 /* Main.storyboard */,
				B557EE551CF5C6D3005F8EF8 /* Assets.xcassets */,
				B557EE571CF5C6D3005F8EF8 /* LaunchScreen.storyboard */,
				B557EE5A1CF5C6D3005F8EF8 /* Info.plist */,
			);
			path = CameraApp;
			sourceTree = "<group>";
		};
/* End PBXGroup section */

/* Begin PBXNativeTarget section */
		B557EE4A1CF5C6D3005F8EF8 /* CameraApp */ = {
			isa = PBXNativeTarget;
			buildConfigurationList = B557EE5D1CF5C6D3005F8EF8 /* Build configuration list for PBXNativeTarget "CameraApp" */;
			buildPhases = (
				B557EE471CF5C6D3005F8EF8 /* Sources */,
				B557EE481CF5C6D3005F8EF8 /* Frameworks */,
				B557EE491CF5C6D3005F8EF8 /* Resources */,
			);
			buildRules = (
			);
			dependencies = (
			);
			name = CameraApp;
			productName = CameraApp;
			productReference = B557EE4B1CF5C6D3005F8EF8 /* CameraApp.app */;
			productType = "com.apple.product-type.application";
		};
/* End PBXNativeTarget section */

/* Begin PBXProject section */
		B557EE431CF5C6D3005F8EF8 /* Project object */ = {
			isa = PBXProject;
			attributes = {
				LastSwiftUpdateCheck = 0730;
				LastUpgradeCheck = 0730;
				ORGANIZATIONNAME = "Aiman Abdullah Anees";
				TargetAttributes = {
					B557EE4A1CF5C6D3005F8EF8 = {
						CreatedOnToolsVersion = 7.3.1;
					};
				};
			};
			buildConfigurationList = B557EE461CF5C6D3005F8EF8 /* Build configuration list for PBXProject "CameraApp" */;
			compatibilityVersion = "Xcode 3.2";
			developmentRegion = English;
			hasScannedForEncodings = 0;
			knownRegions = (
				en,
				Base,
			);
			mainGroup = B557EE421CF5C6D3005F8EF8;
			productRefGroup = B557EE4C1CF5C6D3005F8EF8 /* Products */;
			projectDirPath = "";
			projectRoot = "";
			targets = (
				B557EE4A1CF5C6D3005F8EF8 /* CameraApp */,
			);
		};
/* End PBXProject section */

/* Begin PBXResourcesBuildPhase section */
		B557EE491CF5C6D3005F8EF8 /* Resources */ = {
			isa = PBXResourcesBuildPhase;
			buildActionMask = 2147483647;
			files = (
				B557EE591CF5C6D3005F8EF8 /* LaunchScreen.storyboard in Resources */,
				B557EE561CF5C6D3005F8EF8 /* Assets.xcassets in Resources */,
				B557EE541CF5C6D3005F8EF8 /* Main.storyboard in Resources */,
			);
			runOnlyForDeploymentPostprocessing = 0;
		};
/* End PBXResourcesBuildPhase section */

/* Begin PBXSourcesBuildPhase section */
		B557EE471CF5C6D3005F8EF8 /* Sources */ = {
			isa = PBXSourcesBuildPhase;
			buildActionMask = 2147483647;
			files = (
				B557EE511CF5C6D3005F8EF8 /* ViewController.swift in Sources */,
				B557EE4F1CF5C6D3005F8EF8 /* AppDelegate.swift in Sources */,
			);
			runOnlyForDeploymentPostprocessing = 0;
		};
/* End PBXSourcesBuildPhase section */

/* Begin PBXVariantGroup section */
		B557EE521CF5C6D3005F8EF8 /* Main.storyboard */ = {
			isa = PBXVariantGroup;
			children = (
				B557EE531CF5C6D3005F8EF8 /* Base */,
			);
			name = Main.storyboard;
			sourceTree = "<group>";
		};
		B557EE571CF5C6D3005F8EF8 /* LaunchScreen.storyboard */ = {
			isa = PBXVariantGroup;
			children = (
				B557EE581CF5C6D3005F8EF8 /* Base */,
			);
			name = LaunchScreen.storyboard;
			sourceTree = "<group>";
		};
/* End PBXVariantGroup section */

/* Begin XCBuildConfiguration section */
		B557EE5B1CF5C6D3005F8EF8 /* Debug */ = {
			isa = XCBuildConfiguration;
			buildSettings = {
				ALWAYS_SEARCH_USER_PATHS = NO;
				CLANG_ANALYZER_NONNULL = YES;
				CLANG_CXX_LANGUAGE_STANDARD = "gnu++0x";
				CLANG_CXX_LIBRARY = "libc++";
				CLANG_ENABLE_MODULES = YES;
				CLANG_ENABLE_OBJC_ARC = YES;
				CLANG_WARN_BOOL_CONVERSION = YES;
				CLANG_WARN_CONSTANT_CONVERSION = YES;
				CLANG_WARN_DIRECT_OBJC_ISA_USAGE = YES_ERROR;
				CLANG_WARN_EMPTY_BODY = YES;
				CLANG_WARN_ENUM_CONVERSION = YES;
				CLANG_WARN_INT_CONVERSION = YES;
				CLANG_WARN_OBJC_ROOT_CLASS = YES_ERROR;
				CLANG_WARN_UNREACHABLE_CODE = YES;
				CLANG_WARN__DUPLICATE_METHOD_MATCH = YES;
				"CODE_SIGN_IDENTITY[sdk=iphoneos*]" = "iPhone Developer";
				COPY_PHASE_STRIP = NO;
				DEBUG_INFORMATION_FORMAT = dwarf;
				ENABLE_STRICT_OBJC_MSGSEND = YES;
				ENABLE_TESTABILITY = YES;
				GCC_C_LANGUAGE_STANDARD = gnu99;
				GCC_DYNAMIC_NO_PIC = NO;
				GCC_NO_COMMON_BLOCKS = YES;
				GCC_OPTIMIZATION_LEVEL = 0;
				GCC_PREPROCESSOR_DEFINITIONS = (
					"DEBUG=1",
					"$(inherited)",
				);
				GCC_WARN_64_TO_32_BIT_CONVERSION = YES;
				GCC_WARN_ABOUT_RETURN_TYPE = YES_ERROR;
				GCC_WARN_UNDECLARED_SELECTOR = YES;
				GCC_WARN_UNINITIALIZED_AUTOS = YES_AGGRESSIVE;
				GCC_WARN_UNUSED_FUNCTION = YES;
				GCC_WARN_UNUSED_VARIABLE = YES;
				IPHONEOS_DEPLOYMENT_TARGET = 9.3;
				MTL_ENABLE_DEBUG_INFO = YES;
				ONLY_ACTIVE_ARCH = YES;
				SDKROOT = iphoneos;
				SWIFT_OPTIMIZATION_LEVEL = "-Onone";
			};
			name = Debug;
		};
		B557EE5C1CF5C6D3005F8EF8 /* Release */ = {
			isa = XCBuildConfiguration;
			buildSettings = {
				ALWAYS_SEARCH_USER_PATHS = NO;
				CLANG_ANALYZER_NONNULL = YES;
				CLANG_CXX_LANGUAGE_STANDARD = "gnu++0x";
				CLANG_CXX_LIBRARY = "libc++";
				CLANG_ENABLE_MODULES = YES;
				CLANG_ENABLE_OBJC_ARC = YES;
				CLANG_WARN_BOOL_CONVERSION = YES;
				CLANG_WARN_CONSTANT_CONVERSION = YES;
				CLANG_WARN_DIRECT_OBJC_ISA_USAGE = YES_ERROR;
				CLANG_WARN_EMPTY_BODY = YES;
				CLANG_WARN_ENUM_CONVERSION = YES;
				CLANG_WARN_INT_CONVERSION = YES;
				CLANG_WARN_OBJC_ROOT_CLASS = YES_ERROR;
				CLANG_WARN_UNREACHABLE_CODE = YES;
				CLANG_WARN__DUPLICATE_METHOD_MATCH = YES;
				"CODE_SIGN_IDENTITY[sdk=iphoneos*]" = "iPhone Developer";
				COPY_PHASE_STRIP = NO;
				DEBUG_INFORMATION_FORMAT = "dwarf-with-dsym";
				ENABLE_NS_ASSERTIONS = NO;
				ENABLE_STRICT_OBJC_MSGSEND = YES;
				GCC_C_LANGUAGE_STANDARD = gnu99;
				GCC_NO_COMMON_BLOCKS = YES;
				GCC_WARN_64_TO_32_BIT_CONVERSION = YES;
				GCC_WARN_ABOUT_RETURN_TYPE = YES_ERROR;
				GCC_WARN_UNDECLARED_SELECTOR = YES;
				GCC_WARN_UNINITIALIZED_AUTOS = YES_AGGRESSIVE;
				GCC_WARN_UNUSED_FUNCTION = YES;
				GCC_WARN_UNUSED_VARIABLE = YES;
				IPHONEOS_DEPLOYMENT_TARGET = 9.3;
				MTL_ENABLE_DEBUG_INFO = NO;
				SDKROOT = iphoneos;
				VALIDATE_PRODUCT = YES;
			};
			name = Release;
		};
		B557EE5E1CF5C6D3005F8EF8 /* Debug */ = {
			isa = XCBuildConfiguration;
			buildSettings = {
				ASSETCATALOG_COMPILER_APPICON_NAME = AppIcon;
				INFOPLIST_FILE = CameraApp/Info.plist;
				LD_RUNPATH_SEARCH_PATHS = "$(inherited) @executable_path/Frameworks";
				PRODUCT_BUNDLE_IDENTIFIER = com.App01.CameraApp;
				PRODUCT_NAME = "$(TARGET_NAME)";
			};
			name = Debug;
		};
		B557EE5F1CF5C6D3005F8EF8 /* Release */ = {
			isa = XCBuildConfiguration;
			buildSettings = {
				ASSETCATALOG_COMPILER_APPICON_NAME = AppIcon;
				INFOPLIST_FILE = CameraApp/Info.plist;
				LD_RUNPATH_SEARCH_PATHS = "$(inherited) @executable_path/Frameworks";
				PRODUCT_BUNDLE_IDENTIFIER = com.App01.CameraApp;
				PRODUCT_NAME = "$(TARGET_NAME)";
			};
			name = Release;
		};
/* End XCBuildConfiguration section */

/* Begin XCConfigurationList section */
		B557EE461CF5C6D3005F8EF8 /* Build configuration list for PBXProject "CameraApp" */ = {
			isa = XCConfigurationList;
			buildConfigurations = (
				B557EE5B1CF5C6D3005F8EF8 /* Debug */,
				B557EE5C1CF5C6D3005F8EF8 /* Release */,
			);
			defaultConfigurationIsVisible = 0;
			defaultConfigurationName = Release;
		};
		B557EE5D1CF5C6D3005F8EF8 /* Build configuration list for PBXNativeTarget "CameraApp" */ = {
			isa = XCConfigurationList;
			buildConfigurations = (
				B557EE5E1CF5C6D3005F8EF8 /* Debug */,
				B557EE5F1CF5C6D3005F8EF8 /* Release */,
			);
			defaultConfigurationIsVisible = 0;
		};
/* End XCConfigurationList section */
	};
	rootObject = B557EE431CF5C6D3005F8EF8 /* Project object */;
}
